{
  "version": 4,
  "terraform_version": "0.12.24",
  "serial": 11,
  "lineage": "6d8741ca-246f-c9ca-34b6-7e9ef1eeb040",
  "outputs": {},
  "resources": [
    {
      "mode": "managed",
      "type": "aws_iam_group",
      "name": "group",
      "provider": "provider.aws",
      "instances": [
        {
          "schema_version": 0,
          "attributes": {
            "arn": "arn:aws:iam::555256523315:group/AdministratorAccess",
            "id": "AdministratorAccess",
            "name": "AdministratorAccess",
            "path": "/",
            "unique_id": "AGPAYCR66FIZSECXJ2B67"
          },
          "private": "eyJzY2hlbWFfdmVyc2lvbiI6IjAifQ=="
        }
      ]
    },
    {
      "mode": "managed",
      "type": "aws_iam_user",
      "name": "user",
      "provider": "provider.aws",
      "instances": [
        {
          "schema_version": 0,
          "attributes": {
            "arn": "arn:aws:iam::555256523315:user/testAWSuserLG",
            "force_destroy": false,
            "id": "testAWSuserLG",
            "name": "testAWSuserLG",
            "path": "/",
            "permissions_boundary": null,
            "tags": {},
            "unique_id": "AIDAYCR66FIZWAZIE6D6I"
          },
          "private": "bnVsbA=="
        }
      ]
    },
    {
      "mode": "managed",
      "type": "aws_iam_user_group_membership",
      "name": "team",
      "provider": "provider.aws",
      "instances": [
        {
          "schema_version": 0,
          "attributes": {
            "groups": [
              "AdministratorAccess"
            ],
            "id": "terraform-20200410115548551900000001",
            "user": "testAWSuserLG"
          },
          "private": "bnVsbA==",
          "dependencies": [
            "aws_iam_group.group",
            "aws_iam_user.user"
          ]
        }
      ]
    }
  ]
}
